
Microsoft Visual Studio Solution File, Format Version 12.00
# Visual Studio Version 17
VisualStudioVersion = 17.8.34322.80
MinimumVisualStudioVersion = 10.0.40219.1
Project("{FAE04EC0-301F-11D3-BF4B-00C04F79EFBC}") = "xetiumAPI.Server", "xetiumAPI.Server\xetiumAPI.Server.csproj", "{400534D8-5C31-477E-979F-9DE7075BA071}"
EndProject
Project("{54A90642-561A-4BB1-A94E-469ADEE60C69}") = "xetiumapi.client", "xetiumapi.client\xetiumapi.client.esproj", "{9DE30655-F972-43A9-A398-91D493EF9603}"
EndProject
Global
	GlobalSection(SolutionConfigurationPlatforms) = preSolution
		Debug|Any CPU = Debug|Any CPU
		Release|Any CPU = Release|Any CPU
	EndGlobalSection
	GlobalSection(ProjectConfigurationPlatforms) = postSolution
		{400534D8-5C31-477E-979F-9DE7075BA071}.Debug|Any CPU.ActiveCfg = Debug|Any CPU
		{400534D8-5C31-477E-979F-9DE7075BA071}.Debug|Any CPU.Build.0 = Debug|Any CPU
		{400534D8-5C31-477E-979F-9DE7075BA071}.Release|Any CPU.ActiveCfg = Release|Any CPU
		{400534D8-5C31-477E-979F-9DE7075BA071}.Release|Any CPU.Build.0 = Release|Any CPU
		{9DE30655-F972-43A9-A398-91D493EF9603}.Debug|Any CPU.ActiveCfg = Debug|Any CPU
		{9DE30655-F972-43A9-A398-91D493EF9603}.Debug|Any CPU.Build.0 = Debug|Any CPU
		{9DE30655-F972-43A9-A398-91D493EF9603}.Debug|Any CPU.Deploy.0 = Debug|Any CPU
		{9DE30655-F972-43A9-A398-91D493EF9603}.Release|Any CPU.ActiveCfg = Release|Any CPU
		{9DE30655-F972-43A9-A398-91D493EF9603}.Release|Any CPU.Build.0 = Release|Any CPU
		{9DE30655-F972-43A9-A398-91D493EF9603}.Release|Any CPU.Deploy.0 = Release|Any CPU
	EndGlobalSection
	GlobalSection(SolutionProperties) = preSolution
		HideSolutionNode = FALSE
	EndGlobalSection
	GlobalSection(ExtensibilityGlobals) = postSolution
		SolutionGuid = {F7E2CE1C-9DA2-41F3-8A60-2AD6D0CA27B9}
	EndGlobalSection
EndGlobal
