
Microsoft Visual Studio Solution File, Format Version 12.00
# Visual Studio Version 17
VisualStudioVersion = 17.9.34728.123
MinimumVisualStudioVersion = 10.0.40219.1
Project("{FAE04EC0-301F-11D3-BF4B-00C04F79EFBC}") = "APIGateway", "APIGateway\APIGateway.csproj", "{E40240AF-5361-49C1-B0FC-8701FA29B9AD}"
EndProject
Global
	GlobalSection(SolutionConfigurationPlatforms) = preSolution
		Debug|Any CPU = Debug|Any CPU
		Release|Any CPU = Release|Any CPU
	EndGlobalSection
	GlobalSection(ProjectConfigurationPlatforms) = postSolution
		{E40240AF-5361-49C1-B0FC-8701FA29B9AD}.Debug|Any CPU.ActiveCfg = Debug|Any CPU
		{E40240AF-5361-49C1-B0FC-8701FA29B9AD}.Debug|Any CPU.Build.0 = Debug|Any CPU
		{E40240AF-5361-49C1-B0FC-8701FA29B9AD}.Release|Any CPU.ActiveCfg = Release|Any CPU
		{E40240AF-5361-49C1-B0FC-8701FA29B9AD}.Release|Any CPU.Build.0 = Release|Any CPU
	EndGlobalSection
	GlobalSection(SolutionProperties) = preSolution
		HideSolutionNode = FALSE
	EndGlobalSection
	GlobalSection(ExtensibilityGlobals) = postSolution
		SolutionGuid = {EB3F2BCA-F040-49C9-ADB3-FEDE0744FBA0}
	EndGlobalSection
EndGlobal
