
Microsoft Visual Studio Solution File, Format Version 12.00
# Visual Studio Version 17
VisualStudioVersion = 17.9.34728.123
MinimumVisualStudioVersion = 10.0.40219.1
Project("{FAE04EC0-301F-11D3-BF4B-00C04F79EFBC}") = "Api", "GenerationApi\Api.csproj", "{67453BEC-C276-4F07-A1D9-B418EB8CD3EE}"
EndProject
Project("{FAE04EC0-301F-11D3-BF4B-00C04F79EFBC}") = "Domain", "Domain\Domain.csproj", "{1ECEFE97-2763-4257-9B5B-F1E48BCE0D50}"
EndProject
Project("{FAE04EC0-301F-11D3-BF4B-00C04F79EFBC}") = "Infrastructure", "Infrastructure\Infrastructure.csproj", "{AA7E3400-6C6A-4B61-A24A-ECCD1B161F28}"
EndProject
Project("{FAE04EC0-301F-11D3-BF4B-00C04F79EFBC}") = "Service", "Service\Service.csproj", "{220525EA-ACBF-4AFD-A298-28340A0CF65F}"
EndProject
Project("{9A19103F-16F7-4668-BE54-9A1E7A4F7556}") = "Core", "..\..\Libs\Core\Core.csproj", "{EE9350D4-E74D-4BF3-BD9F-9089ADCF734B}"
EndProject
Project("{9A19103F-16F7-4668-BE54-9A1E7A4F7556}") = "ProjectConnectionService", "..\..\Libs\ProjectConnectionService\ProjectConnectionService.csproj", "{81C3D743-C7F4-4B10-A6E7-135928E94136}"
EndProject
Project("{2150E333-8FDC-42A3-9474-1A3956D46DE8}") = "Lib", "Lib", "{D06338F0-0D65-4DCE-B99C-A187B6FE782A}"
EndProject
Project("{9A19103F-16F7-4668-BE54-9A1E7A4F7556}") = "ProfileConnectionLib", "..\..\Libs\ProfileConnectionLib\ProfileConnectionLib.csproj", "{524C1E37-D8F6-4865-8C90-AA33B2D2160C}"
EndProject
Global
	GlobalSection(SolutionConfigurationPlatforms) = preSolution
		Debug|Any CPU = Debug|Any CPU
		Release|Any CPU = Release|Any CPU
	EndGlobalSection
	GlobalSection(ProjectConfigurationPlatforms) = postSolution
		{67453BEC-C276-4F07-A1D9-B418EB8CD3EE}.Debug|Any CPU.ActiveCfg = Debug|Any CPU
		{67453BEC-C276-4F07-A1D9-B418EB8CD3EE}.Debug|Any CPU.Build.0 = Debug|Any CPU
		{67453BEC-C276-4F07-A1D9-B418EB8CD3EE}.Release|Any CPU.ActiveCfg = Release|Any CPU
		{67453BEC-C276-4F07-A1D9-B418EB8CD3EE}.Release|Any CPU.Build.0 = Release|Any CPU
		{1ECEFE97-2763-4257-9B5B-F1E48BCE0D50}.Debug|Any CPU.ActiveCfg = Debug|Any CPU
		{1ECEFE97-2763-4257-9B5B-F1E48BCE0D50}.Debug|Any CPU.Build.0 = Debug|Any CPU
		{1ECEFE97-2763-4257-9B5B-F1E48BCE0D50}.Release|Any CPU.ActiveCfg = Release|Any CPU
		{1ECEFE97-2763-4257-9B5B-F1E48BCE0D50}.Release|Any CPU.Build.0 = Release|Any CPU
		{AA7E3400-6C6A-4B61-A24A-ECCD1B161F28}.Debug|Any CPU.ActiveCfg = Debug|Any CPU
		{AA7E3400-6C6A-4B61-A24A-ECCD1B161F28}.Debug|Any CPU.Build.0 = Debug|Any CPU
		{AA7E3400-6C6A-4B61-A24A-ECCD1B161F28}.Release|Any CPU.ActiveCfg = Release|Any CPU
		{AA7E3400-6C6A-4B61-A24A-ECCD1B161F28}.Release|Any CPU.Build.0 = Release|Any CPU
		{220525EA-ACBF-4AFD-A298-28340A0CF65F}.Debug|Any CPU.ActiveCfg = Debug|Any CPU
		{220525EA-ACBF-4AFD-A298-28340A0CF65F}.Debug|Any CPU.Build.0 = Debug|Any CPU
		{220525EA-ACBF-4AFD-A298-28340A0CF65F}.Release|Any CPU.ActiveCfg = Release|Any CPU
		{220525EA-ACBF-4AFD-A298-28340A0CF65F}.Release|Any CPU.Build.0 = Release|Any CPU
		{EE9350D4-E74D-4BF3-BD9F-9089ADCF734B}.Debug|Any CPU.ActiveCfg = Debug|Any CPU
		{EE9350D4-E74D-4BF3-BD9F-9089ADCF734B}.Debug|Any CPU.Build.0 = Debug|Any CPU
		{EE9350D4-E74D-4BF3-BD9F-9089ADCF734B}.Release|Any CPU.ActiveCfg = Release|Any CPU
		{EE9350D4-E74D-4BF3-BD9F-9089ADCF734B}.Release|Any CPU.Build.0 = Release|Any CPU
		{81C3D743-C7F4-4B10-A6E7-135928E94136}.Debug|Any CPU.ActiveCfg = Debug|Any CPU
		{81C3D743-C7F4-4B10-A6E7-135928E94136}.Debug|Any CPU.Build.0 = Debug|Any CPU
		{81C3D743-C7F4-4B10-A6E7-135928E94136}.Release|Any CPU.ActiveCfg = Release|Any CPU
		{81C3D743-C7F4-4B10-A6E7-135928E94136}.Release|Any CPU.Build.0 = Release|Any CPU
		{524C1E37-D8F6-4865-8C90-AA33B2D2160C}.Debug|Any CPU.ActiveCfg = Debug|Any CPU
		{524C1E37-D8F6-4865-8C90-AA33B2D2160C}.Debug|Any CPU.Build.0 = Debug|Any CPU
		{524C1E37-D8F6-4865-8C90-AA33B2D2160C}.Release|Any CPU.ActiveCfg = Release|Any CPU
		{524C1E37-D8F6-4865-8C90-AA33B2D2160C}.Release|Any CPU.Build.0 = Release|Any CPU
	EndGlobalSection
	GlobalSection(SolutionProperties) = preSolution
		HideSolutionNode = FALSE
	EndGlobalSection
	GlobalSection(NestedProjects) = preSolution
		{EE9350D4-E74D-4BF3-BD9F-9089ADCF734B} = {D06338F0-0D65-4DCE-B99C-A187B6FE782A}
		{81C3D743-C7F4-4B10-A6E7-135928E94136} = {D06338F0-0D65-4DCE-B99C-A187B6FE782A}
		{524C1E37-D8F6-4865-8C90-AA33B2D2160C} = {D06338F0-0D65-4DCE-B99C-A187B6FE782A}
	EndGlobalSection
	GlobalSection(ExtensibilityGlobals) = postSolution
		SolutionGuid = {E1D977EA-C836-4E00-932C-A9B5AF6CE7E1}
	EndGlobalSection
EndGlobal
