
Microsoft Visual Studio Solution File, Format Version 12.00
# Visual Studio Version 17
VisualStudioVersion = 17.9.34728.123
MinimumVisualStudioVersion = 10.0.40219.1
Project("{9A19103F-16F7-4668-BE54-9A1E7A4F7556}") = "Api", "Api\Api.csproj", "{43FD135B-B9D9-46F8-B170-D467309BEA2B}"
EndProject
Project("{9A19103F-16F7-4668-BE54-9A1E7A4F7556}") = "Domain", "Domain\Domain.csproj", "{B336397B-F4D2-4885-861C-EBCA0068FB3D}"
EndProject
Project("{9A19103F-16F7-4668-BE54-9A1E7A4F7556}") = "Services", "Services\Services.csproj", "{6CED76E9-2DE3-4FCA-9A72-120C9F72EE3C}"
EndProject
Project("{9A19103F-16F7-4668-BE54-9A1E7A4F7556}") = "Infrastructure", "Infrastructure\Infrastructure.csproj", "{65A35397-1E01-4FCD-B543-307783454A22}"
EndProject
Project("{2150E333-8FDC-42A3-9474-1A3956D46DE8}") = "Libs", "Libs", "{11FA8353-9666-4209-9795-6696653CEA17}"
EndProject
Project("{9A19103F-16F7-4668-BE54-9A1E7A4F7556}") = "Core", "..\..\Libs\Core\Core.csproj", "{4099A750-1F01-4C5E-AA5B-82E8F29A9CA8}"
EndProject
Project("{9A19103F-16F7-4668-BE54-9A1E7A4F7556}") = "ProfileConnectionLib", "..\..\Libs\ProfileConnectionLib\ProfileConnectionLib.csproj", "{297BDDC1-62C1-42D8-B47A-5E56B7EBAB15}"
EndProject
Project("{9A19103F-16F7-4668-BE54-9A1E7A4F7556}") = "ProjectConnectionService", "..\..\Libs\ProjectConnectionService\ProjectConnectionService.csproj", "{18DC6807-C07B-47AB-A2F2-56F3A1354591}"
EndProject
Project("{FAE04EC0-301F-11D3-BF4B-00C04F79EFBC}") = "ReportConnectionLib", "..\..\Libs\ReportConnectionLib\ReportConnectionLib.csproj", "{2F90AD0E-DD47-4258-99C5-E2993B84D79F}"
EndProject
Global
	GlobalSection(SolutionConfigurationPlatforms) = preSolution
		Debug|Any CPU = Debug|Any CPU
		Release|Any CPU = Release|Any CPU
	EndGlobalSection
	GlobalSection(ProjectConfigurationPlatforms) = postSolution
		{43FD135B-B9D9-46F8-B170-D467309BEA2B}.Debug|Any CPU.ActiveCfg = Debug|Any CPU
		{43FD135B-B9D9-46F8-B170-D467309BEA2B}.Debug|Any CPU.Build.0 = Debug|Any CPU
		{43FD135B-B9D9-46F8-B170-D467309BEA2B}.Release|Any CPU.ActiveCfg = Release|Any CPU
		{43FD135B-B9D9-46F8-B170-D467309BEA2B}.Release|Any CPU.Build.0 = Release|Any CPU
		{B336397B-F4D2-4885-861C-EBCA0068FB3D}.Debug|Any CPU.ActiveCfg = Debug|Any CPU
		{B336397B-F4D2-4885-861C-EBCA0068FB3D}.Debug|Any CPU.Build.0 = Debug|Any CPU
		{B336397B-F4D2-4885-861C-EBCA0068FB3D}.Release|Any CPU.ActiveCfg = Release|Any CPU
		{B336397B-F4D2-4885-861C-EBCA0068FB3D}.Release|Any CPU.Build.0 = Release|Any CPU
		{6CED76E9-2DE3-4FCA-9A72-120C9F72EE3C}.Debug|Any CPU.ActiveCfg = Debug|Any CPU
		{6CED76E9-2DE3-4FCA-9A72-120C9F72EE3C}.Debug|Any CPU.Build.0 = Debug|Any CPU
		{6CED76E9-2DE3-4FCA-9A72-120C9F72EE3C}.Release|Any CPU.ActiveCfg = Release|Any CPU
		{6CED76E9-2DE3-4FCA-9A72-120C9F72EE3C}.Release|Any CPU.Build.0 = Release|Any CPU
		{65A35397-1E01-4FCD-B543-307783454A22}.Debug|Any CPU.ActiveCfg = Debug|Any CPU
		{65A35397-1E01-4FCD-B543-307783454A22}.Debug|Any CPU.Build.0 = Debug|Any CPU
		{65A35397-1E01-4FCD-B543-307783454A22}.Release|Any CPU.ActiveCfg = Release|Any CPU
		{65A35397-1E01-4FCD-B543-307783454A22}.Release|Any CPU.Build.0 = Release|Any CPU
		{4099A750-1F01-4C5E-AA5B-82E8F29A9CA8}.Debug|Any CPU.ActiveCfg = Debug|Any CPU
		{4099A750-1F01-4C5E-AA5B-82E8F29A9CA8}.Debug|Any CPU.Build.0 = Debug|Any CPU
		{4099A750-1F01-4C5E-AA5B-82E8F29A9CA8}.Release|Any CPU.ActiveCfg = Release|Any CPU
		{4099A750-1F01-4C5E-AA5B-82E8F29A9CA8}.Release|Any CPU.Build.0 = Release|Any CPU
		{297BDDC1-62C1-42D8-B47A-5E56B7EBAB15}.Debug|Any CPU.ActiveCfg = Debug|Any CPU
		{297BDDC1-62C1-42D8-B47A-5E56B7EBAB15}.Debug|Any CPU.Build.0 = Debug|Any CPU
		{297BDDC1-62C1-42D8-B47A-5E56B7EBAB15}.Release|Any CPU.ActiveCfg = Release|Any CPU
		{297BDDC1-62C1-42D8-B47A-5E56B7EBAB15}.Release|Any CPU.Build.0 = Release|Any CPU
		{18DC6807-C07B-47AB-A2F2-56F3A1354591}.Debug|Any CPU.ActiveCfg = Debug|Any CPU
		{18DC6807-C07B-47AB-A2F2-56F3A1354591}.Debug|Any CPU.Build.0 = Debug|Any CPU
		{18DC6807-C07B-47AB-A2F2-56F3A1354591}.Release|Any CPU.ActiveCfg = Release|Any CPU
		{18DC6807-C07B-47AB-A2F2-56F3A1354591}.Release|Any CPU.Build.0 = Release|Any CPU
		{2F90AD0E-DD47-4258-99C5-E2993B84D79F}.Debug|Any CPU.ActiveCfg = Debug|Any CPU
		{2F90AD0E-DD47-4258-99C5-E2993B84D79F}.Debug|Any CPU.Build.0 = Debug|Any CPU
		{2F90AD0E-DD47-4258-99C5-E2993B84D79F}.Release|Any CPU.ActiveCfg = Release|Any CPU
		{2F90AD0E-DD47-4258-99C5-E2993B84D79F}.Release|Any CPU.Build.0 = Release|Any CPU
	EndGlobalSection
	GlobalSection(SolutionProperties) = preSolution
		HideSolutionNode = FALSE
	EndGlobalSection
	GlobalSection(NestedProjects) = preSolution
		{4099A750-1F01-4C5E-AA5B-82E8F29A9CA8} = {11FA8353-9666-4209-9795-6696653CEA17}
		{297BDDC1-62C1-42D8-B47A-5E56B7EBAB15} = {11FA8353-9666-4209-9795-6696653CEA17}
		{18DC6807-C07B-47AB-A2F2-56F3A1354591} = {11FA8353-9666-4209-9795-6696653CEA17}
		{2F90AD0E-DD47-4258-99C5-E2993B84D79F} = {11FA8353-9666-4209-9795-6696653CEA17}
	EndGlobalSection
	GlobalSection(ExtensibilityGlobals) = postSolution
		SolutionGuid = {CB655A84-8FA9-4964-BA2F-4FADB004583C}
	EndGlobalSection
EndGlobal
