
Microsoft Visual Studio Solution File, Format Version 12.00
Project("{FAE04EC0-301F-11D3-BF4B-00C04F79EFBC}") = "Api", "Api\Api.csproj", "{43FD135B-B9D9-46F8-B170-D467309BEA2B}"
EndProject
Project("{FAE04EC0-301F-11D3-BF4B-00C04F79EFBC}") = "Domain", "Domain\Domain.csproj", "{B336397B-F4D2-4885-861C-EBCA0068FB3D}"
EndProject
Project("{FAE04EC0-301F-11D3-BF4B-00C04F79EFBC}") = "Services", "Services\Services.csproj", "{6CED76E9-2DE3-4FCA-9A72-120C9F72EE3C}"
EndProject
Project("{FAE04EC0-301F-11D3-BF4B-00C04F79EFBC}") = "Infrastructure", "Infrastructure\Infrastructure.csproj", "{65A35397-1E01-4FCD-B543-307783454A22}"
EndProject
Project("{2150E333-8FDC-42A3-9474-1A3956D46DE8}") = "Libs", "Libs", "{11FA8353-9666-4209-9795-6696653CEA17}"
EndProject
Project("{FAE04EC0-301F-11D3-BF4B-00C04F79EFBC}") = "Core", "..\..\Libs\Core\Core.csproj", "{4099A750-1F01-4C5E-AA5B-82E8F29A9CA8}"
EndProject
Project("{FAE04EC0-301F-11D3-BF4B-00C04F79EFBC}") = "ProfileConnectionLib", "..\..\Libs\ProfileConnectionLib\ProfileConnectionLib.csproj", "{297BDDC1-62C1-42D8-B47A-5E56B7EBAB15}"
EndProject
Global
	GlobalSection(SolutionConfigurationPlatforms) = preSolution
		Debug|Any CPU = Debug|Any CPU
		Release|Any CPU = Release|Any CPU
	EndGlobalSection
	GlobalSection(ProjectConfigurationPlatforms) = postSolution
		{43FD135B-B9D9-46F8-B170-D467309BEA2B}.Debug|Any CPU.ActiveCfg = Debug|Any CPU
		{43FD135B-B9D9-46F8-B170-D467309BEA2B}.Debug|Any CPU.Build.0 = Debug|Any CPU
		{43FD135B-B9D9-46F8-B170-D467309BEA2B}.Release|Any CPU.ActiveCfg = Release|Any CPU
		{43FD135B-B9D9-46F8-B170-D467309BEA2B}.Release|Any CPU.Build.0 = Release|Any CPU
		{B336397B-F4D2-4885-861C-EBCA0068FB3D}.Debug|Any CPU.ActiveCfg = Debug|Any CPU
		{B336397B-F4D2-4885-861C-EBCA0068FB3D}.Debug|Any CPU.Build.0 = Debug|Any CPU
		{B336397B-F4D2-4885-861C-EBCA0068FB3D}.Release|Any CPU.ActiveCfg = Release|Any CPU
		{B336397B-F4D2-4885-861C-EBCA0068FB3D}.Release|Any CPU.Build.0 = Release|Any CPU
		{6CED76E9-2DE3-4FCA-9A72-120C9F72EE3C}.Debug|Any CPU.ActiveCfg = Debug|Any CPU
		{6CED76E9-2DE3-4FCA-9A72-120C9F72EE3C}.Debug|Any CPU.Build.0 = Debug|Any CPU
		{6CED76E9-2DE3-4FCA-9A72-120C9F72EE3C}.Release|Any CPU.ActiveCfg = Release|Any CPU
		{6CED76E9-2DE3-4FCA-9A72-120C9F72EE3C}.Release|Any CPU.Build.0 = Release|Any CPU
		{65A35397-1E01-4FCD-B543-307783454A22}.Debug|Any CPU.ActiveCfg = Debug|Any CPU
		{65A35397-1E01-4FCD-B543-307783454A22}.Debug|Any CPU.Build.0 = Debug|Any CPU
		{65A35397-1E01-4FCD-B543-307783454A22}.Release|Any CPU.ActiveCfg = Release|Any CPU
		{65A35397-1E01-4FCD-B543-307783454A22}.Release|Any CPU.Build.0 = Release|Any CPU
		{4099A750-1F01-4C5E-AA5B-82E8F29A9CA8}.Debug|Any CPU.ActiveCfg = Debug|Any CPU
		{4099A750-1F01-4C5E-AA5B-82E8F29A9CA8}.Debug|Any CPU.Build.0 = Debug|Any CPU
		{4099A750-1F01-4C5E-AA5B-82E8F29A9CA8}.Release|Any CPU.ActiveCfg = Release|Any CPU
		{4099A750-1F01-4C5E-AA5B-82E8F29A9CA8}.Release|Any CPU.Build.0 = Release|Any CPU
		{297BDDC1-62C1-42D8-B47A-5E56B7EBAB15}.Debug|Any CPU.ActiveCfg = Debug|Any CPU
		{297BDDC1-62C1-42D8-B47A-5E56B7EBAB15}.Debug|Any CPU.Build.0 = Debug|Any CPU
		{297BDDC1-62C1-42D8-B47A-5E56B7EBAB15}.Release|Any CPU.ActiveCfg = Release|Any CPU
		{297BDDC1-62C1-42D8-B47A-5E56B7EBAB15}.Release|Any CPU.Build.0 = Release|Any CPU
	EndGlobalSection
	GlobalSection(NestedProjects) = preSolution
		{4099A750-1F01-4C5E-AA5B-82E8F29A9CA8} = {11FA8353-9666-4209-9795-6696653CEA17}
		{297BDDC1-62C1-42D8-B47A-5E56B7EBAB15} = {11FA8353-9666-4209-9795-6696653CEA17}
	EndGlobalSection
EndGlobal
